
Microsoft Visual Studio Solution File, Format Version 12.00
# Visual Studio 2012
Project("{F184B08F-C81C-45F6-A57F-5ABD9991F28F}") = "latin_words", "latin_words\latin_words.vbproj", "{E90E5A25-CE10-4030-A329-E996831B9CD1}"
EndProject
Global
	GlobalSection(SolutionConfigurationPlatforms) = preSolution
		Debug|Any CPU = Debug|Any CPU
		Release|Any CPU = Release|Any CPU
	EndGlobalSection
	GlobalSection(ProjectConfigurationPlatforms) = postSolution
		{E90E5A25-CE10-4030-A329-E996831B9CD1}.Debug|Any CPU.ActiveCfg = Debug|Any CPU
		{E90E5A25-CE10-4030-A329-E996831B9CD1}.Debug|Any CPU.Build.0 = Debug|Any CPU
		{E90E5A25-CE10-4030-A329-E996831B9CD1}.Release|Any CPU.ActiveCfg = Release|Any CPU
		{E90E5A25-CE10-4030-A329-E996831B9CD1}.Release|Any CPU.Build.0 = Release|Any CPU
	EndGlobalSection
	GlobalSection(SolutionProperties) = preSolution
		HideSolutionNode = FALSE
	EndGlobalSection
EndGlobal
